// !$*UTF8*$!
{
	archiveVersion = 1;
	classes = {
	};
	objectVersion = 60;
	objects = {

/* Begin PBXBuildFile section */
		A10000000000000000000001 /* AgentUsageWidget.swift in Sources */ = {isa = PBXBuildFile; fileRef = A10000000000000000000002 /* AgentUsageWidget.swift */; };
		A10000000000000000000003 /* SwiftUI.framework in Frameworks */ = {isa = PBXBuildFile; fileRef = A10000000000000000000004 /* SwiftUI.framework */; };
		A10000000000000000000005 /* WidgetKit.framework in Frameworks */ = {isa = PBXBuildFile; fileRef = A10000000000000000000006 /* WidgetKit.framework */; };
/* End PBXBuildFile section */

/* Begin PBXFileReference section */
		A10000000000000000000002 /* AgentUsageWidget.swift */ = {isa = PBXFileReference; lastKnownFileType = sourcecode.swift; path = AgentUsageWidget.swift; sourceTree = "<group>"; };
		A10000000000000000000004 /* SwiftUI.framework */ = {isa = PBXFileReference; lastKnownFileType = wrapper.framework; name = SwiftUI.framework; path = System/Library/Frameworks/SwiftUI.framework; sourceTree = SDKROOT; };
		A10000000000000000000006 /* WidgetKit.framework */ = {isa = PBXFileReference; lastKnownFileType = wrapper.framework; name = WidgetKit.framework; path = System/Library/Frameworks/WidgetKit.framework; sourceTree = SDKROOT; };
		A10000000000000000000007 /* AgentUsageWidget.appex */ = {isa = PBXFileReference; explicitFileType = "wrapper.app-extension"; includeInIndex = 0; path = AgentUsageWidget.appex; sourceTree = BUILT_PRODUCTS_DIR; };
		A10000000000000000000008 /* WidgetInfo.plist */ = {isa = PBXFileReference; lastKnownFileType = text.plist.xml; path = WidgetInfo.plist; sourceTree = "<group>"; };
		A10000000000000000000009 /* Widget.entitlements */ = {isa = PBXFileReference; lastKnownFileType = text.plist.entitlements; path = Widget.entitlements; sourceTree = "<group>"; };
/* End PBXFileReference section */

/* Begin PBXFrameworksBuildPhase section */
		A10000000000000000000010 /* Frameworks */ = {
			isa = PBXFrameworksBuildPhase;
			buildActionMask = 2147483647;
			files = (
				A10000000000000000000003 /* SwiftUI.framework in Frameworks */,
				A10000000000000000000005 /* WidgetKit.framework in Frameworks */,
			);
			runOnlyForDeploymentPostprocessing = 0;
		};
/* End PBXFrameworksBuildPhase section */

/* Begin PBXGroup section */
		A10000000000000000000011 = {
			isa = PBXGroup;
			children = (
				A10000000000000000000012 /* AgentUsageWidget */,
				A10000000000000000000013 /* Resources */,
				A10000000000000000000014 /* Frameworks */,
				A10000000000000000000015 /* Products */,
			);
			sourceTree = "<group>";
		};
		A10000000000000000000012 /* AgentUsageWidget */ = {
			isa = PBXGroup;
			children = (
				A10000000000000000000002 /* AgentUsageWidget.swift */,
			);
			name = AgentUsageWidget;
			path = Sources/AgentUsageWidget;
			sourceTree = "<group>";
		};
		A10000000000000000000013 /* Resources */ = {
			isa = PBXGroup;
			children = (
				A10000000000000000000008 /* WidgetInfo.plist */,
				A10000000000000000000009 /* Widget.entitlements */,
			);
			name = Resources;
			path = Resources;
			sourceTree = "<group>";
		};
		A10000000000000000000014 /* Frameworks */ = {
			isa = PBXGroup;
			children = (
				A10000000000000000000004 /* SwiftUI.framework */,
				A10000000000000000000006 /* WidgetKit.framework */,
			);
			name = Frameworks;
			sourceTree = "<group>";
		};
		A10000000000000000000015 /* Products */ = {
			isa = PBXGroup;
			children = (
				A10000000000000000000007 /* AgentUsageWidget.appex */,
			);
			name = Products;
			sourceTree = "<group>";
		};
/* End PBXGroup section */

/* Begin PBXNativeTarget section */
		A10000000000000000000016 /* AgentUsageWidget */ = {
			isa = PBXNativeTarget;
			buildConfigurationList = A10000000000000000000017 /* Build configuration list for PBXNativeTarget "AgentUsageWidget" */;
			buildPhases = (
				A10000000000000000000018 /* Sources */,
				A10000000000000000000010 /* Frameworks */,
				A10000000000000000000019 /* Resources */,
			);
			buildRules = (
			);
			dependencies = (
			);
			name = AgentUsageWidget;
			packageProductDependencies = (
			);
			productName = AgentUsageWidget;
			productReference = A10000000000000000000007 /* AgentUsageWidget.appex */;
			productType = "com.apple.product-type.app-extension";
		};
/* End PBXNativeTarget section */

/* Begin PBXProject section */
		A10000000000000000000020 /* Project object */ = {
			isa = PBXProject;
			attributes = {
				BuildIndependentTargetsInParallel = 1;
				LastSwiftUpdateCheck = 1500;
				LastUpgradeCheck = 1500;
				TargetAttributes = {
					A10000000000000000000016 = {
						CreatedOnToolsVersion = 15.0;
					};
				};
			};
			buildConfigurationList = A10000000000000000000021 /* Build configuration list for PBXProject "AgentUsageWidget" */;
			developmentRegion = en;
			hasScannedForEncodings = 0;
			knownRegions = (
				en,
				Base,
			);
			mainGroup = A10000000000000000000011;
			minimizedProjectReferenceProxies = 1;
			preferredProjectObjectVersion = 60;
			productRefGroup = A10000000000000000000015 /* Products */;
			projectDirPath = "";
			projectRoot = "";
			targets = (
				A10000000000000000000016 /* AgentUsageWidget */,
			);
		};
/* End PBXProject section */

/* Begin PBXResourcesBuildPhase section */
		A10000000000000000000019 /* Resources */ = {
			isa = PBXResourcesBuildPhase;
			buildActionMask = 2147483647;
			files = (
			);
			runOnlyForDeploymentPostprocessing = 0;
		};
/* End PBXResourcesBuildPhase section */

/* Begin PBXSourcesBuildPhase section */
		A10000000000000000000018 /* Sources */ = {
			isa = PBXSourcesBuildPhase;
			buildActionMask = 2147483647;
			files = (
				A10000000000000000000001 /* AgentUsageWidget.swift in Sources */,
			);
			runOnlyForDeploymentPostprocessing = 0;
		};
/* End PBXSourcesBuildPhase section */

/* Begin XCBuildConfiguration section */
		A10000000000000000000022 /* Debug */ = {
			isa = XCBuildConfiguration;
			buildSettings = {
				ALWAYS_SEARCH_USER_PATHS = NO;
				CLANG_ENABLE_MODULES = YES;
				CLANG_ENABLE_OBJC_ARC = YES;
				CLANG_WARN_DOCUMENTATION_COMMENTS = YES;
				COPY_PHASE_STRIP = NO;
				DEBUG_INFORMATION_FORMAT = dwarf;
				ENABLE_STRICT_OBJC_MSGSEND = YES;
				GCC_C_LANGUAGE_STANDARD = gnu17;
				MACOSX_DEPLOYMENT_TARGET = 14.0;
				ONLY_ACTIVE_ARCH = YES;
				SDKROOT = macosx;
				SWIFT_ACTIVE_COMPILATION_CONDITIONS = DEBUG;
				SWIFT_OPTIMIZATION_LEVEL = "-Onone";
				SWIFT_VERSION = 5.0;
			};
			name = Debug;
		};
		A10000000000000000000023 /* Release */ = {
			isa = XCBuildConfiguration;
			buildSettings = {
				ALWAYS_SEARCH_USER_PATHS = NO;
				CLANG_ENABLE_MODULES = YES;
				CLANG_ENABLE_OBJC_ARC = YES;
				CLANG_WARN_DOCUMENTATION_COMMENTS = YES;
				COPY_PHASE_STRIP = YES;
				DEBUG_INFORMATION_FORMAT = "dwarf-with-dsym";
				ENABLE_NS_ASSERTIONS = NO;
				ENABLE_STRICT_OBJC_MSGSEND = YES;
				GCC_C_LANGUAGE_STANDARD = gnu17;
				MACOSX_DEPLOYMENT_TARGET = 14.0;
				SDKROOT = macosx;
				SWIFT_COMPILATION_MODE = wholemodule;
				SWIFT_OPTIMIZATION_LEVEL = "-O";
				SWIFT_VERSION = 5.0;
			};
			name = Release;
		};
		A10000000000000000000024 /* Debug */ = {
			isa = XCBuildConfiguration;
			buildSettings = {
				APPLICATION_EXTENSION_API_ONLY = YES;
				CODE_SIGN_ENTITLEMENTS = Resources/Widget.entitlements;
				CODE_SIGN_STYLE = Automatic;
				CURRENT_PROJECT_VERSION = 1;
				DEVELOPMENT_TEAM = "";
				ENABLE_APP_SANDBOX = YES;
				GENERATE_INFOPLIST_FILE = NO;
				INFOPLIST_FILE = Resources/WidgetInfo.plist;
				LD_RUNPATH_SEARCH_PATHS = (
					"$(inherited)",
					"@executable_path/../Frameworks",
					"@executable_path/../../../../Frameworks",
				);
				MACOSX_DEPLOYMENT_TARGET = 14.0;
				MARKETING_VERSION = 1.0.0;
				PRODUCT_BUNDLE_IDENTIFIER = com.local.AgentUsageBar.Widget;
				PRODUCT_NAME = "$(TARGET_NAME)";
				SKIP_INSTALL = YES;
				SWIFT_EMIT_LOC_STRINGS = YES;
				SWIFT_VERSION = 5.0;
			};
			name = Debug;
		};
		A10000000000000000000025 /* Release */ = {
			isa = XCBuildConfiguration;
			buildSettings = {
				APPLICATION_EXTENSION_API_ONLY = YES;
				CODE_SIGN_ENTITLEMENTS = Resources/Widget.entitlements;
				CODE_SIGN_STYLE = Automatic;
				CURRENT_PROJECT_VERSION = 1;
				DEVELOPMENT_TEAM = "";
				ENABLE_APP_SANDBOX = YES;
				GENERATE_INFOPLIST_FILE = NO;
				INFOPLIST_FILE = Resources/WidgetInfo.plist;
				LD_RUNPATH_SEARCH_PATHS = (
					"$(inherited)",
					"@executable_path/../Frameworks",
					"@executable_path/../../../../Frameworks",
				);
				MACOSX_DEPLOYMENT_TARGET = 14.0;
				MARKETING_VERSION = 1.0.0;
				PRODUCT_BUNDLE_IDENTIFIER = com.local.AgentUsageBar.Widget;
				PRODUCT_NAME = "$(TARGET_NAME)";
				SKIP_INSTALL = YES;
				SWIFT_EMIT_LOC_STRINGS = YES;
				SWIFT_VERSION = 5.0;
			};
			name = Release;
		};
/* End XCBuildConfiguration section */

/* Begin XCConfigurationList section */
		A10000000000000000000017 /* Build configuration list for PBXNativeTarget "AgentUsageWidget" */ = {
			isa = XCConfigurationList;
			buildConfigurations = (
				A10000000000000000000024 /* Debug */,
				A10000000000000000000025 /* Release */,
			);
			defaultConfigurationIsVisible = 0;
			defaultConfigurationName = Release;
		};
		A10000000000000000000021 /* Build configuration list for PBXProject "AgentUsageWidget" */ = {
			isa = XCConfigurationList;
			buildConfigurations = (
				A10000000000000000000022 /* Debug */,
				A10000000000000000000023 /* Release */,
			);
			defaultConfigurationIsVisible = 0;
			defaultConfigurationName = Release;
		};
/* End XCConfigurationList section */
	};
	rootObject = A10000000000000000000020 /* Project object */;
}
